
Microsoft Visual Studio Solution File, Format Version 12.00
# Visual Studio Version 17
VisualStudioVersion = 17.11.35327.3
MinimumVisualStudioVersion = 10.0.40219.1
Project("{9A19103F-16F7-4668-BE54-9A1E7A4F7556}") = "WebStoerPhone", "WebStoerPhone\WebStoerPhone.csproj", "{B26053DC-CDFE-4098-8EC5-91B0B1010755}"
EndProject
Project("{9A19103F-16F7-4668-BE54-9A1E7A4F7556}") = "StorePhoinBackened", "StorePhoinBackened\StorePhoinBackened.csproj", "{12EE71ED-9343-4AF2-A4AA-7D1ECEBE171C}"
EndProject
Project("{2150E333-8FDC-42A3-9474-1A3956D46DE8}") = "Solution Items", "Solution Items", "{93687778-E59A-4BAB-A23D-D3615594BB44}"
	ProjectSection(SolutionItems) = preProject
		.editorconfig = .editorconfig
	EndProjectSection
EndProject
Global
	GlobalSection(SolutionConfigurationPlatforms) = preSolution
		Debug|Any CPU = Debug|Any CPU
		Release|Any CPU = Release|Any CPU
	EndGlobalSection
	GlobalSection(ProjectConfigurationPlatforms) = postSolution
		{B26053DC-CDFE-4098-8EC5-91B0B1010755}.Debug|Any CPU.ActiveCfg = Debug|Any CPU
		{B26053DC-CDFE-4098-8EC5-91B0B1010755}.Debug|Any CPU.Build.0 = Debug|Any CPU
		{B26053DC-CDFE-4098-8EC5-91B0B1010755}.Release|Any CPU.ActiveCfg = Release|Any CPU
		{B26053DC-CDFE-4098-8EC5-91B0B1010755}.Release|Any CPU.Build.0 = Release|Any CPU
		{12EE71ED-9343-4AF2-A4AA-7D1ECEBE171C}.Debug|Any CPU.ActiveCfg = Debug|Any CPU
		{12EE71ED-9343-4AF2-A4AA-7D1ECEBE171C}.Debug|Any CPU.Build.0 = Debug|Any CPU
		{12EE71ED-9343-4AF2-A4AA-7D1ECEBE171C}.Release|Any CPU.ActiveCfg = Release|Any CPU
		{12EE71ED-9343-4AF2-A4AA-7D1ECEBE171C}.Release|Any CPU.Build.0 = Release|Any CPU
	EndGlobalSection
	GlobalSection(SolutionProperties) = preSolution
		HideSolutionNode = FALSE
	EndGlobalSection
	GlobalSection(ExtensibilityGlobals) = postSolution
		SolutionGuid = {7E75D279-2308-4AA2-8535-FDEF5156E330}
	EndGlobalSection
EndGlobal
